
Microsoft Visual Studio Solution File, Format Version 12.00
# Visual Studio Version 16
VisualStudioVersion = 16.0.32228.343
MinimumVisualStudioVersion = 10.0.40219.1
Project("{FAE04EC0-301F-11D3-BF4B-00C04F79EFBC}") = "Directum.PersonalMeeting", "Directum.PersonalMeeting\Directum.PersonalMeeting.csproj", "{1E1699D4-6F99-406F-944A-305732607937}"
EndProject
Global
	GlobalSection(SolutionConfigurationPlatforms) = preSolution
		Debug|Any CPU = Debug|Any CPU
		Release|Any CPU = Release|Any CPU
	EndGlobalSection
	GlobalSection(ProjectConfigurationPlatforms) = postSolution
		{1E1699D4-6F99-406F-944A-305732607937}.Debug|Any CPU.ActiveCfg = Debug|Any CPU
		{1E1699D4-6F99-406F-944A-305732607937}.Debug|Any CPU.Build.0 = Debug|Any CPU
		{1E1699D4-6F99-406F-944A-305732607937}.Release|Any CPU.ActiveCfg = Release|Any CPU
		{1E1699D4-6F99-406F-944A-305732607937}.Release|Any CPU.Build.0 = Release|Any CPU
	EndGlobalSection
	GlobalSection(SolutionProperties) = preSolution
		HideSolutionNode = FALSE
	EndGlobalSection
	GlobalSection(ExtensibilityGlobals) = postSolution
		SolutionGuid = {3E6D093A-162D-4D1F-BF17-6087E75FED82}
	EndGlobalSection
EndGlobal
